// !$*UTF8*$!
{
	archiveVersion = 1;
	classes = {
	};
	objectVersion = 46;
	objects = {

/* Begin PBXBuildFile section */
		881F82161F043A9300BF4874 /* main.m in Sources */ = {isa = PBXBuildFile; fileRef = 881F82151F043A9300BF4874 /* main.m */; };
		881F821E1F043B9E00BF4874 /* InputHandler.m in Sources */ = {isa = PBXBuildFile; fileRef = 881F821D1F043B9E00BF4874 /* InputHandler.m */; };
		881F82211F043BCB00BF4874 /* ScoreKeeper.m in Sources */ = {isa = PBXBuildFile; fileRef = 881F82201F043BCB00BF4874 /* ScoreKeeper.m */; };
		881F82241F043C2700BF4874 /* QuestionManager.m in Sources */ = {isa = PBXBuildFile; fileRef = 881F82231F043C2700BF4874 /* QuestionManager.m */; };
		881F82271F043C3800BF4874 /* Question.m in Sources */ = {isa = PBXBuildFile; fileRef = 881F82261F043C3800BF4874 /* Question.m */; };
		881F822A1F044C3F00BF4874 /* AdditionQuestion.m in Sources */ = {isa = PBXBuildFile; fileRef = 881F82291F044C3F00BF4874 /* AdditionQuestion.m */; };
		881F822D1F044C5200BF4874 /* SubtractionQuestion.m in Sources */ = {isa = PBXBuildFile; fileRef = 881F822C1F044C5200BF4874 /* SubtractionQuestion.m */; };
		881F82301F044C6300BF4874 /* MultiplicationQuestion.m in Sources */ = {isa = PBXBuildFile; fileRef = 881F822F1F044C6300BF4874 /* MultiplicationQuestion.m */; };
		881F82331F044C7400BF4874 /* DivisionQuestion.m in Sources */ = {isa = PBXBuildFile; fileRef = 881F82321F044C7400BF4874 /* DivisionQuestion.m */; };
		881F82361F044D5200BF4874 /* QuestionFactory.m in Sources */ = {isa = PBXBuildFile; fileRef = 881F82351F044D5200BF4874 /* QuestionFactory.m */; };
/* End PBXBuildFile section */

/* Begin PBXCopyFilesBuildPhase section */
		881F82101F043A9300BF4874 /* CopyFiles */ = {
			isa = PBXCopyFilesBuildPhase;
			buildActionMask = 2147483647;
			dstPath = /usr/share/man/man1/;
			dstSubfolderSpec = 0;
			files = (
			);
			runOnlyForDeploymentPostprocessing = 1;
		};
/* End PBXCopyFilesBuildPhase section */

/* Begin PBXFileReference section */
		881F82121F043A9300BF4874 /* 2w1d3_mathsGame_Part2 */ = {isa = PBXFileReference; explicitFileType = "compiled.mach-o.executable"; includeInIndex = 0; path = 2w1d3_mathsGame_Part2; sourceTree = BUILT_PRODUCTS_DIR; };
		881F82151F043A9300BF4874 /* main.m */ = {isa = PBXFileReference; lastKnownFileType = sourcecode.c.objc; path = main.m; sourceTree = "<group>"; };
		881F821C1F043B9E00BF4874 /* InputHandler.h */ = {isa = PBXFileReference; fileEncoding = 4; lastKnownFileType = sourcecode.c.h; path = InputHandler.h; sourceTree = "<group>"; };
		881F821D1F043B9E00BF4874 /* InputHandler.m */ = {isa = PBXFileReference; fileEncoding = 4; lastKnownFileType = sourcecode.c.objc; path = InputHandler.m; sourceTree = "<group>"; };
		881F821F1F043BCB00BF4874 /* ScoreKeeper.h */ = {isa = PBXFileReference; fileEncoding = 4; lastKnownFileType = sourcecode.c.h; path = ScoreKeeper.h; sourceTree = "<group>"; };
		881F82201F043BCB00BF4874 /* ScoreKeeper.m */ = {isa = PBXFileReference; fileEncoding = 4; lastKnownFileType = sourcecode.c.objc; path = ScoreKeeper.m; sourceTree = "<group>"; };
		881F82221F043C2700BF4874 /* QuestionManager.h */ = {isa = PBXFileReference; fileEncoding = 4; lastKnownFileType = sourcecode.c.h; path = QuestionManager.h; sourceTree = "<group>"; };
		881F82231F043C2700BF4874 /* QuestionManager.m */ = {isa = PBXFileReference; fileEncoding = 4; lastKnownFileType = sourcecode.c.objc; path = QuestionManager.m; sourceTree = "<group>"; };
		881F82251F043C3800BF4874 /* Question.h */ = {isa = PBXFileReference; fileEncoding = 4; lastKnownFileType = sourcecode.c.h; path = Question.h; sourceTree = "<group>"; };
		881F82261F043C3800BF4874 /* Question.m */ = {isa = PBXFileReference; fileEncoding = 4; lastKnownFileType = sourcecode.c.objc; path = Question.m; sourceTree = "<group>"; };
		881F82281F044C3F00BF4874 /* AdditionQuestion.h */ = {isa = PBXFileReference; fileEncoding = 4; lastKnownFileType = sourcecode.c.h; path = AdditionQuestion.h; sourceTree = "<group>"; };
		881F82291F044C3F00BF4874 /* AdditionQuestion.m */ = {isa = PBXFileReference; fileEncoding = 4; lastKnownFileType = sourcecode.c.objc; path = AdditionQuestion.m; sourceTree = "<group>"; };
		881F822B1F044C5200BF4874 /* SubtractionQuestion.h */ = {isa = PBXFileReference; fileEncoding = 4; lastKnownFileType = sourcecode.c.h; path = SubtractionQuestion.h; sourceTree = "<group>"; };
		881F822C1F044C5200BF4874 /* SubtractionQuestion.m */ = {isa = PBXFileReference; fileEncoding = 4; lastKnownFileType = sourcecode.c.objc; path = SubtractionQuestion.m; sourceTree = "<group>"; };
		881F822E1F044C6300BF4874 /* MultiplicationQuestion.h */ = {isa = PBXFileReference; fileEncoding = 4; lastKnownFileType = sourcecode.c.h; path = MultiplicationQuestion.h; sourceTree = "<group>"; };
		881F822F1F044C6300BF4874 /* MultiplicationQuestion.m */ = {isa = PBXFileReference; fileEncoding = 4; lastKnownFileType = sourcecode.c.objc; path = MultiplicationQuestion.m; sourceTree = "<group>"; };
		881F82311F044C7400BF4874 /* DivisionQuestion.h */ = {isa = PBXFileReference; fileEncoding = 4; lastKnownFileType = sourcecode.c.h; path = DivisionQuestion.h; sourceTree = "<group>"; };
		881F82321F044C7400BF4874 /* DivisionQuestion.m */ = {isa = PBXFileReference; fileEncoding = 4; lastKnownFileType = sourcecode.c.objc; path = DivisionQuestion.m; sourceTree = "<group>"; };
		881F82341F044D5200BF4874 /* QuestionFactory.h */ = {isa = PBXFileReference; fileEncoding = 4; lastKnownFileType = sourcecode.c.h; path = QuestionFactory.h; sourceTree = "<group>"; };
		881F82351F044D5200BF4874 /* QuestionFactory.m */ = {isa = PBXFileReference; fileEncoding = 4; lastKnownFileType = sourcecode.c.objc; path = QuestionFactory.m; sourceTree = "<group>"; };
/* End PBXFileReference section */

/* Begin PBXFrameworksBuildPhase section */
		881F820F1F043A9300BF4874 /* Frameworks */ = {
			isa = PBXFrameworksBuildPhase;
			buildActionMask = 2147483647;
			files = (
			);
			runOnlyForDeploymentPostprocessing = 0;
		};
/* End PBXFrameworksBuildPhase section */

/* Begin PBXGroup section */
		881F82091F043A9300BF4874 = {
			isa = PBXGroup;
			children = (
				881F82141F043A9300BF4874 /* 2w1d3_mathsGame_Part2 */,
				881F82131F043A9300BF4874 /* Products */,
			);
			sourceTree = "<group>";
		};
		881F82131F043A9300BF4874 /* Products */ = {
			isa = PBXGroup;
			children = (
				881F82121F043A9300BF4874 /* 2w1d3_mathsGame_Part2 */,
			);
			name = Products;
			sourceTree = "<group>";
		};
		881F82141F043A9300BF4874 /* 2w1d3_mathsGame_Part2 */ = {
			isa = PBXGroup;
			children = (
				881F82151F043A9300BF4874 /* main.m */,
				881F821C1F043B9E00BF4874 /* InputHandler.h */,
				881F821D1F043B9E00BF4874 /* InputHandler.m */,
				881F821F1F043BCB00BF4874 /* ScoreKeeper.h */,
				881F82201F043BCB00BF4874 /* ScoreKeeper.m */,
				881F82221F043C2700BF4874 /* QuestionManager.h */,
				881F82231F043C2700BF4874 /* QuestionManager.m */,
				881F82251F043C3800BF4874 /* Question.h */,
				881F82261F043C3800BF4874 /* Question.m */,
				881F82341F044D5200BF4874 /* QuestionFactory.h */,
				881F82351F044D5200BF4874 /* QuestionFactory.m */,
				881F82281F044C3F00BF4874 /* AdditionQuestion.h */,
				881F82291F044C3F00BF4874 /* AdditionQuestion.m */,
				881F822B1F044C5200BF4874 /* SubtractionQuestion.h */,
				881F822C1F044C5200BF4874 /* SubtractionQuestion.m */,
				881F822E1F044C6300BF4874 /* MultiplicationQuestion.h */,
				881F822F1F044C6300BF4874 /* MultiplicationQuestion.m */,
				881F82311F044C7400BF4874 /* DivisionQuestion.h */,
				881F82321F044C7400BF4874 /* DivisionQuestion.m */,
			);
			path = 2w1d3_mathsGame_Part2;
			sourceTree = "<group>";
		};
/* End PBXGroup section */

/* Begin PBXNativeTarget section */
		881F82111F043A9300BF4874 /* 2w1d3_mathsGame_Part2 */ = {
			isa = PBXNativeTarget;
			buildConfigurationList = 881F82191F043A9300BF4874 /* Build configuration list for PBXNativeTarget "2w1d3_mathsGame_Part2" */;
			buildPhases = (
				881F820E1F043A9300BF4874 /* Sources */,
				881F820F1F043A9300BF4874 /* Frameworks */,
				881F82101F043A9300BF4874 /* CopyFiles */,
			);
			buildRules = (
			);
			dependencies = (
			);
			name = 2w1d3_mathsGame_Part2;
			productName = 2w1d3_mathsGame_Part2;
			productReference = 881F82121F043A9300BF4874 /* 2w1d3_mathsGame_Part2 */;
			productType = "com.apple.product-type.tool";
		};
/* End PBXNativeTarget section */

/* Begin PBXProject section */
		881F820A1F043A9300BF4874 /* Project object */ = {
			isa = PBXProject;
			attributes = {
				LastUpgradeCheck = 0830;
				ORGANIZATIONNAME = Seantastic31;
				TargetAttributes = {
					881F82111F043A9300BF4874 = {
						CreatedOnToolsVersion = 8.3.3;
						ProvisioningStyle = Automatic;
					};
				};
			};
			buildConfigurationList = 881F820D1F043A9300BF4874 /* Build configuration list for PBXProject "2w1d3_mathsGame_Part2" */;
			compatibilityVersion = "Xcode 3.2";
			developmentRegion = English;
			hasScannedForEncodings = 0;
			knownRegions = (
				en,
			);
			mainGroup = 881F82091F043A9300BF4874;
			productRefGroup = 881F82131F043A9300BF4874 /* Products */;
			projectDirPath = "";
			projectRoot = "";
			targets = (
				881F82111F043A9300BF4874 /* 2w1d3_mathsGame_Part2 */,
			);
		};
/* End PBXProject section */

/* Begin PBXSourcesBuildPhase section */
		881F820E1F043A9300BF4874 /* Sources */ = {
			isa = PBXSourcesBuildPhase;
			buildActionMask = 2147483647;
			files = (
				881F82211F043BCB00BF4874 /* ScoreKeeper.m in Sources */,
				881F82301F044C6300BF4874 /* MultiplicationQuestion.m in Sources */,
				881F822A1F044C3F00BF4874 /* AdditionQuestion.m in Sources */,
				881F822D1F044C5200BF4874 /* SubtractionQuestion.m in Sources */,
				881F82161F043A9300BF4874 /* main.m in Sources */,
				881F82271F043C3800BF4874 /* Question.m in Sources */,
				881F82331F044C7400BF4874 /* DivisionQuestion.m in Sources */,
				881F821E1F043B9E00BF4874 /* InputHandler.m in Sources */,
				881F82361F044D5200BF4874 /* QuestionFactory.m in Sources */,
				881F82241F043C2700BF4874 /* QuestionManager.m in Sources */,
			);
			runOnlyForDeploymentPostprocessing = 0;
		};
/* End PBXSourcesBuildPhase section */

/* Begin XCBuildConfiguration section */
		881F82171F043A9300BF4874 /* Debug */ = {
			isa = XCBuildConfiguration;
			buildSettings = {
				ALWAYS_SEARCH_USER_PATHS = NO;
				CLANG_ANALYZER_NONNULL = YES;
				CLANG_ANALYZER_NUMBER_OBJECT_CONVERSION = YES_AGGRESSIVE;
				CLANG_CXX_LANGUAGE_STANDARD = "gnu++0x";
				CLANG_CXX_LIBRARY = "libc++";
				CLANG_ENABLE_MODULES = YES;
				CLANG_ENABLE_OBJC_ARC = YES;
				CLANG_WARN_BOOL_CONVERSION = YES;
				CLANG_WARN_CONSTANT_CONVERSION = YES;
				CLANG_WARN_DIRECT_OBJC_ISA_USAGE = YES_ERROR;
				CLANG_WARN_DOCUMENTATION_COMMENTS = YES;
				CLANG_WARN_EMPTY_BODY = YES;
				CLANG_WARN_ENUM_CONVERSION = YES;
				CLANG_WARN_INFINITE_RECURSION = YES;
				CLANG_WARN_INT_CONVERSION = YES;
				CLANG_WARN_OBJC_ROOT_CLASS = YES_ERROR;
				CLANG_WARN_SUSPICIOUS_MOVE = YES;
				CLANG_WARN_UNREACHABLE_CODE = YES;
				CLANG_WARN__DUPLICATE_METHOD_MATCH = YES;
				CODE_SIGN_IDENTITY = "-";
				COPY_PHASE_STRIP = NO;
				DEBUG_INFORMATION_FORMAT = dwarf;
				ENABLE_STRICT_OBJC_MSGSEND = YES;
				ENABLE_TESTABILITY = YES;
				GCC_C_LANGUAGE_STANDARD = gnu99;
				GCC_DYNAMIC_NO_PIC = NO;
				GCC_NO_COMMON_BLOCKS = YES;
				GCC_OPTIMIZATION_LEVEL = 0;
				GCC_PREPROCESSOR_DEFINITIONS = (
					"DEBUG=1",
					"$(inherited)",
				);
				GCC_WARN_64_TO_32_BIT_CONVERSION = YES;
				GCC_WARN_ABOUT_RETURN_TYPE = YES_ERROR;
				GCC_WARN_UNDECLARED_SELECTOR = YES;
				GCC_WARN_UNINITIALIZED_AUTOS = YES_AGGRESSIVE;
				GCC_WARN_UNUSED_FUNCTION = YES;
				GCC_WARN_UNUSED_VARIABLE = YES;
				MACOSX_DEPLOYMENT_TARGET = 10.12;
				MTL_ENABLE_DEBUG_INFO = YES;
				ONLY_ACTIVE_ARCH = YES;
				SDKROOT = macosx;
			};
			name = Debug;
		};
		881F82181F043A9300BF4874 /* Release */ = {
			isa = XCBuildConfiguration;
			buildSettings = {
				ALWAYS_SEARCH_USER_PATHS = NO;
				CLANG_ANALYZER_NONNULL = YES;
				CLANG_ANALYZER_NUMBER_OBJECT_CONVERSION = YES_AGGRESSIVE;
				CLANG_CXX_LANGUAGE_STANDARD = "gnu++0x";
				CLANG_CXX_LIBRARY = "libc++";
				CLANG_ENABLE_MODULES = YES;
				CLANG_ENABLE_OBJC_ARC = YES;
				CLANG_WARN_BOOL_CONVERSION = YES;
				CLANG_WARN_CONSTANT_CONVERSION = YES;
				CLANG_WARN_DIRECT_OBJC_ISA_USAGE = YES_ERROR;
				CLANG_WARN_DOCUMENTATION_COMMENTS = YES;
				CLANG_WARN_EMPTY_BODY = YES;
				CLANG_WARN_ENUM_CONVERSION = YES;
				CLANG_WARN_INFINITE_RECURSION = YES;
				CLANG_WARN_INT_CONVERSION = YES;
				CLANG_WARN_OBJC_ROOT_CLASS = YES_ERROR;
				CLANG_WARN_SUSPICIOUS_MOVE = YES;
				CLANG_WARN_UNREACHABLE_CODE = YES;
				CLANG_WARN__DUPLICATE_METHOD_MATCH = YES;
				CODE_SIGN_IDENTITY = "-";
				COPY_PHASE_STRIP = NO;
				DEBUG_INFORMATION_FORMAT = "dwarf-with-dsym";
				ENABLE_NS_ASSERTIONS = NO;
				ENABLE_STRICT_OBJC_MSGSEND = YES;
				GCC_C_LANGUAGE_STANDARD = gnu99;
				GCC_NO_COMMON_BLOCKS = YES;
				GCC_WARN_64_TO_32_BIT_CONVERSION = YES;
				GCC_WARN_ABOUT_RETURN_TYPE = YES_ERROR;
				GCC_WARN_UNDECLARED_SELECTOR = YES;
				GCC_WARN_UNINITIALIZED_AUTOS = YES_AGGRESSIVE;
				GCC_WARN_UNUSED_FUNCTION = YES;
				GCC_WARN_UNUSED_VARIABLE = YES;
				MACOSX_DEPLOYMENT_TARGET = 10.12;
				MTL_ENABLE_DEBUG_INFO = NO;
				SDKROOT = macosx;
			};
			name = Release;
		};
		881F821A1F043A9300BF4874 /* Debug */ = {
			isa = XCBuildConfiguration;
			buildSettings = {
				PRODUCT_NAME = "$(TARGET_NAME)";
			};
			name = Debug;
		};
		881F821B1F043A9300BF4874 /* Release */ = {
			isa = XCBuildConfiguration;
			buildSettings = {
				PRODUCT_NAME = "$(TARGET_NAME)";
			};
			name = Release;
		};
/* End XCBuildConfiguration section */

/* Begin XCConfigurationList section */
		881F820D1F043A9300BF4874 /* Build configuration list for PBXProject "2w1d3_mathsGame_Part2" */ = {
			isa = XCConfigurationList;
			buildConfigurations = (
				881F82171F043A9300BF4874 /* Debug */,
				881F82181F043A9300BF4874 /* Release */,
			);
			defaultConfigurationIsVisible = 0;
			defaultConfigurationName = Release;
		};
		881F82191F043A9300BF4874 /* Build configuration list for PBXNativeTarget "2w1d3_mathsGame_Part2" */ = {
			isa = XCConfigurationList;
			buildConfigurations = (
				881F821A1F043A9300BF4874 /* Debug */,
				881F821B1F043A9300BF4874 /* Release */,
			);
			defaultConfigurationIsVisible = 0;
		};
/* End XCConfigurationList section */
	};
	rootObject = 881F820A1F043A9300BF4874 /* Project object */;
}
